
Microsoft Visual Studio Solution File, Format Version 12.00
# Visual Studio 2012
Project("{FAE04EC0-301F-11D3-BF4B-00C04F79EFBC}") = "WebApplication27", "WebApplication27\WebApplication27.csproj", "{DC7ABC80-9B7E-44C8-9789-CDF36099F7F3}"
EndProject
Project("{FAE04EC0-301F-11D3-BF4B-00C04F79EFBC}") = "WebApplication1", "WebApplication1\WebApplication1.csproj", "{9F07F054-1C87-4601-B7B7-80DE01831D6A}"
	ProjectSection(ProjectDependencies) = postProject
		{DC7ABC80-9B7E-44C8-9789-CDF36099F7F3} = {DC7ABC80-9B7E-44C8-9789-CDF36099F7F3}
	EndProjectSection
EndProject
Global
	GlobalSection(SolutionConfigurationPlatforms) = preSolution
		Debug|Any CPU = Debug|Any CPU
		Release|Any CPU = Release|Any CPU
	EndGlobalSection
	GlobalSection(ProjectConfigurationPlatforms) = postSolution
		{DC7ABC80-9B7E-44C8-9789-CDF36099F7F3}.Debug|Any CPU.ActiveCfg = Debug|Any CPU
		{DC7ABC80-9B7E-44C8-9789-CDF36099F7F3}.Debug|Any CPU.Build.0 = Debug|Any CPU
		{DC7ABC80-9B7E-44C8-9789-CDF36099F7F3}.Release|Any CPU.ActiveCfg = Release|Any CPU
		{DC7ABC80-9B7E-44C8-9789-CDF36099F7F3}.Release|Any CPU.Build.0 = Release|Any CPU
		{9F07F054-1C87-4601-B7B7-80DE01831D6A}.Debug|Any CPU.ActiveCfg = Debug|Any CPU
		{9F07F054-1C87-4601-B7B7-80DE01831D6A}.Debug|Any CPU.Build.0 = Debug|Any CPU
		{9F07F054-1C87-4601-B7B7-80DE01831D6A}.Release|Any CPU.ActiveCfg = Release|Any CPU
		{9F07F054-1C87-4601-B7B7-80DE01831D6A}.Release|Any CPU.Build.0 = Release|Any CPU
	EndGlobalSection
	GlobalSection(SolutionProperties) = preSolution
		HideSolutionNode = FALSE
	EndGlobalSection
EndGlobal
